{
  "name": "com.coderax.polestar",
  "version": "1.0.0",
  "lockfileVersion": 3,
  "requires": true,
  "packages": {
    "": {
      "name": "com.coderax.polestar",
      "version": "1.0.0",
      "devDependencies": {
        "@tsconfig/node16": "^16.1.1",
        "@types/homey": "npm:homey-apps-sdk-v3-types@^0.3.5",
        "@types/node": "^20.8.10"
      }
    },
    "node_modules/@tsconfig/node16": {
      "version": "16.1.1",
      "resolved": "https://registry.npmjs.org/@tsconfig/node16/-/node16-16.1.1.tgz",
      "integrity": "sha512-+pio93ejHN4nINX4pXqfnR/fPLRtJBaT4ORaa5RH0Oc1zoYmo2B2koG+M328CQhHKn1Wj6FcOxCDFXAot9NhvA==",
      "dev": true
    },
    "node_modules/@types/homey": {
      "name": "homey-apps-sdk-v3-types",
      "version": "0.3.5",
      "resolved": "https://registry.npmjs.org/homey-apps-sdk-v3-types/-/homey-apps-sdk-v3-types-0.3.5.tgz",
      "integrity": "sha512-AH7UPiPILITBmjDSAnupLp2kaBO9GuAj5y0hk9tLC2mO0AuOQuRYnbXIxrHOG3kium8m99FnS3BUHg0aY/SNCg==",
      "dev": true,
      "dependencies": {
        "@types/node": "^14.14.20"
      }
    },
    "node_modules/@types/homey/node_modules/@types/node": {
      "version": "14.18.63",
      "resolved": "https://registry.npmjs.org/@types/node/-/node-14.18.63.tgz",
      "integrity": "sha512-fAtCfv4jJg+ExtXhvCkCqUKZ+4ok/JQk01qDKhL5BDDoS3AxKXhV5/MAVUZyQnSEd2GT92fkgZl0pz0Q0AzcIQ==",
      "dev": true
    },
    "node_modules/@types/node": {
      "version": "20.8.10",
      "resolved": "https://registry.npmjs.org/@types/node/-/node-20.8.10.tgz",
      "integrity": "sha512-TlgT8JntpcbmKUFzjhsyhGfP2fsiz1Mv56im6enJ905xG1DAYesxJaeSbGqQmAw8OWPdhyJGhGSQGKRNJ45u9w==",
      "dev": true,
      "dependencies": {
        "undici-types": "~5.26.4"
      }
    },
    "node_modules/undici-types": {
      "version": "5.26.5",
      "resolved": "https://registry.npmjs.org/undici-types/-/undici-types-5.26.5.tgz",
      "integrity": "sha512-JlCMO+ehdEIKqlFxk6IfVoAUVmgz7cU7zD/h9XZ0qzeosSHmUJVOzSQvvYSYWXkFXC+IfLKSIffhv0sVZup6pA==",
      "dev": true
    }
  }
}
